
Microsoft Visual Studio Solution File, Format Version 12.00
# Visual Studio 2012
Project("{8BC9CEB8-8B4A-11D0-8D11-00A0C91BC942}") = "Server", "Server\Server.vcxproj", "{9D664F14-901B-42B3-942A-F50FE0430074}"
EndProject
Project("{8BC9CEB8-8B4A-11D0-8D11-00A0C91BC942}") = "Client", "Client\Client.vcxproj", "{2CA890C9-6DB5-4659-B908-D9E4E28E86AA}"
EndProject
Global
	GlobalSection(SolutionConfigurationPlatforms) = preSolution
		Debug|Win32 = Debug|Win32
		Release|Win32 = Release|Win32
	EndGlobalSection
	GlobalSection(ProjectConfigurationPlatforms) = postSolution
		{9D664F14-901B-42B3-942A-F50FE0430074}.Debug|Win32.ActiveCfg = Debug|Win32
		{9D664F14-901B-42B3-942A-F50FE0430074}.Debug|Win32.Build.0 = Debug|Win32
		{9D664F14-901B-42B3-942A-F50FE0430074}.Release|Win32.ActiveCfg = Release|Win32
		{9D664F14-901B-42B3-942A-F50FE0430074}.Release|Win32.Build.0 = Release|Win32
		{2CA890C9-6DB5-4659-B908-D9E4E28E86AA}.Debug|Win32.ActiveCfg = Debug|Win32
		{2CA890C9-6DB5-4659-B908-D9E4E28E86AA}.Debug|Win32.Build.0 = Debug|Win32
		{2CA890C9-6DB5-4659-B908-D9E4E28E86AA}.Release|Win32.ActiveCfg = Release|Win32
		{2CA890C9-6DB5-4659-B908-D9E4E28E86AA}.Release|Win32.Build.0 = Release|Win32
	EndGlobalSection
	GlobalSection(SolutionProperties) = preSolution
		HideSolutionNode = FALSE
	EndGlobalSection
EndGlobal
